
Microsoft Visual Studio Solution File, Format Version 12.00
# Visual Studio Version 16
VisualStudioVersion = 16.0.30204.135
MinimumVisualStudioVersion = 10.0.40219.1
Project("{2150E333-8FDC-42A3-9474-1A3956D46DE8}") = "src", "src", "{090B1D57-6C2A-40E1-B52E-BDF2506F8D2F}"
	ProjectSection(SolutionItems) = preProject
		Challenge.pdf = Challenge.pdf
		README.md = README.md
	EndProjectSection
EndProject
Project("{2150E333-8FDC-42A3-9474-1A3956D46DE8}") = "App", "App", "{FFABAFCE-91B6-49DA-A826-A12E1E40CF3E}"
EndProject
Project("{2150E333-8FDC-42A3-9474-1A3956D46DE8}") = "Service", "Service", "{3A515101-01F7-4FC3-88B5-93D2090146A5}"
EndProject
Project("{9A19103F-16F7-4668-BE54-9A1E7A4F7556}") = "SearchFight.CLI", "src\App\SearchFight.CLI\SearchFight.CLI.csproj", "{C0E4A79B-605F-41B4-979D-46BAC235C32A}"
EndProject
Project("{9A19103F-16F7-4668-BE54-9A1E7A4F7556}") = "SearchFight.API", "src\Service\SearchFight.API\SearchFight.API.csproj", "{3FD3205A-9190-440E-AA94-7A211E99EFE2}"
EndProject
Project("{9A19103F-16F7-4668-BE54-9A1E7A4F7556}") = "SearchFight.Infrastructure", "src\Service\SearchFight.Infrastructure\SearchFight.Infrastructure.csproj", "{A0EB8451-E6E2-49C6-ACA3-10F2BE9CE648}"
EndProject
Project("{9A19103F-16F7-4668-BE54-9A1E7A4F7556}") = "SearchFight.Domain", "src\Service\SearchFight.Domain\SearchFight.Domain.csproj", "{A238B2F2-1A59-477C-912F-222E18F0C3D4}"
EndProject
Global
	GlobalSection(SolutionConfigurationPlatforms) = preSolution
		Debug|Any CPU = Debug|Any CPU
		Release|Any CPU = Release|Any CPU
	EndGlobalSection
	GlobalSection(ProjectConfigurationPlatforms) = postSolution
		{C0E4A79B-605F-41B4-979D-46BAC235C32A}.Debug|Any CPU.ActiveCfg = Debug|Any CPU
		{C0E4A79B-605F-41B4-979D-46BAC235C32A}.Debug|Any CPU.Build.0 = Debug|Any CPU
		{C0E4A79B-605F-41B4-979D-46BAC235C32A}.Release|Any CPU.ActiveCfg = Release|Any CPU
		{C0E4A79B-605F-41B4-979D-46BAC235C32A}.Release|Any CPU.Build.0 = Release|Any CPU
		{3FD3205A-9190-440E-AA94-7A211E99EFE2}.Debug|Any CPU.ActiveCfg = Debug|Any CPU
		{3FD3205A-9190-440E-AA94-7A211E99EFE2}.Debug|Any CPU.Build.0 = Debug|Any CPU
		{3FD3205A-9190-440E-AA94-7A211E99EFE2}.Release|Any CPU.ActiveCfg = Release|Any CPU
		{3FD3205A-9190-440E-AA94-7A211E99EFE2}.Release|Any CPU.Build.0 = Release|Any CPU
		{A0EB8451-E6E2-49C6-ACA3-10F2BE9CE648}.Debug|Any CPU.ActiveCfg = Debug|Any CPU
		{A0EB8451-E6E2-49C6-ACA3-10F2BE9CE648}.Debug|Any CPU.Build.0 = Debug|Any CPU
		{A0EB8451-E6E2-49C6-ACA3-10F2BE9CE648}.Release|Any CPU.ActiveCfg = Release|Any CPU
		{A0EB8451-E6E2-49C6-ACA3-10F2BE9CE648}.Release|Any CPU.Build.0 = Release|Any CPU
		{A238B2F2-1A59-477C-912F-222E18F0C3D4}.Debug|Any CPU.ActiveCfg = Debug|Any CPU
		{A238B2F2-1A59-477C-912F-222E18F0C3D4}.Debug|Any CPU.Build.0 = Debug|Any CPU
		{A238B2F2-1A59-477C-912F-222E18F0C3D4}.Release|Any CPU.ActiveCfg = Release|Any CPU
		{A238B2F2-1A59-477C-912F-222E18F0C3D4}.Release|Any CPU.Build.0 = Release|Any CPU
	EndGlobalSection
	GlobalSection(SolutionProperties) = preSolution
		HideSolutionNode = FALSE
	EndGlobalSection
	GlobalSection(NestedProjects) = preSolution
		{FFABAFCE-91B6-49DA-A826-A12E1E40CF3E} = {090B1D57-6C2A-40E1-B52E-BDF2506F8D2F}
		{3A515101-01F7-4FC3-88B5-93D2090146A5} = {090B1D57-6C2A-40E1-B52E-BDF2506F8D2F}
		{C0E4A79B-605F-41B4-979D-46BAC235C32A} = {FFABAFCE-91B6-49DA-A826-A12E1E40CF3E}
		{3FD3205A-9190-440E-AA94-7A211E99EFE2} = {3A515101-01F7-4FC3-88B5-93D2090146A5}
		{A0EB8451-E6E2-49C6-ACA3-10F2BE9CE648} = {3A515101-01F7-4FC3-88B5-93D2090146A5}
		{A238B2F2-1A59-477C-912F-222E18F0C3D4} = {3A515101-01F7-4FC3-88B5-93D2090146A5}
	EndGlobalSection
	GlobalSection(ExtensibilityGlobals) = postSolution
		SolutionGuid = {18414BBE-7B10-42E6-92FD-64EA4AC37C43}
	EndGlobalSection
EndGlobal
